// !$*UTF8*$!
{
	archiveVersion = 1;
	classes = {
	};
	objectVersion = 46;
	objects = {

/* Begin PBXBuildFile section */
		5942ABDDFE193F942D459106 /* Pods_Flix_w1_EricKimUITests.framework in Frameworks */ = {isa = PBXBuildFile; fileRef = F48C2A5CC4D0A7A0A9DD87BC /* Pods_Flix_w1_EricKimUITests.framework */; };
		B865E109200D3CB800E04291 /* AppDelegate.swift in Sources */ = {isa = PBXBuildFile; fileRef = B865E108200D3CB800E04291 /* AppDelegate.swift */; };
		B865E10E200D3CB800E04291 /* Main.storyboard in Resources */ = {isa = PBXBuildFile; fileRef = B865E10C200D3CB800E04291 /* Main.storyboard */; };
		B865E110200D3CB800E04291 /* Assets.xcassets in Resources */ = {isa = PBXBuildFile; fileRef = B865E10F200D3CB800E04291 /* Assets.xcassets */; };
		B865E113200D3CB800E04291 /* LaunchScreen.storyboard in Resources */ = {isa = PBXBuildFile; fileRef = B865E111200D3CB800E04291 /* LaunchScreen.storyboard */; };
		B865E11E200D3CB800E04291 /* Flix_w1_EricKimTests.swift in Sources */ = {isa = PBXBuildFile; fileRef = B865E11D200D3CB800E04291 /* Flix_w1_EricKimTests.swift */; };
		B865E129200D3CB800E04291 /* Flix_w1_EricKimUITests.swift in Sources */ = {isa = PBXBuildFile; fileRef = B865E128200D3CB800E04291 /* Flix_w1_EricKimUITests.swift */; };
		B8AC570B200FA7C400E89BA2 /* NowPlayingViewController.swift in Sources */ = {isa = PBXBuildFile; fileRef = B8AC570A200FA7C400E89BA2 /* NowPlayingViewController.swift */; };
		B8AC570D201080D000E89BA2 /* MovieCell.swift in Sources */ = {isa = PBXBuildFile; fileRef = B8AC570C201080D000E89BA2 /* MovieCell.swift */; };
		C8BF7A63DEAC72BB78CEE657 /* Pods_Flix_w1_EricKim.framework in Frameworks */ = {isa = PBXBuildFile; fileRef = FE6C3D4F1E5033FFA4A6F126 /* Pods_Flix_w1_EricKim.framework */; };
		C92A286132D1D2FFB9E270F4 /* Pods_Flix_w1_EricKimTests.framework in Frameworks */ = {isa = PBXBuildFile; fileRef = E592ABD116EBAE034560FCB7 /* Pods_Flix_w1_EricKimTests.framework */; };
/* End PBXBuildFile section */

/* Begin PBXContainerItemProxy section */
		B865E11A200D3CB800E04291 /* PBXContainerItemProxy */ = {
			isa = PBXContainerItemProxy;
			containerPortal = B865E0FD200D3CB800E04291 /* Project object */;
			proxyType = 1;
			remoteGlobalIDString = B865E104200D3CB800E04291;
			remoteInfo = Flix_w1_EricKim;
		};
		B865E125200D3CB800E04291 /* PBXContainerItemProxy */ = {
			isa = PBXContainerItemProxy;
			containerPortal = B865E0FD200D3CB800E04291 /* Project object */;
			proxyType = 1;
			remoteGlobalIDString = B865E104200D3CB800E04291;
			remoteInfo = Flix_w1_EricKim;
		};
/* End PBXContainerItemProxy section */

/* Begin PBXFileReference section */
		4D5EB215B716D8F111827482 /* Pods-Flix_w1_EricKimUITests.debug.xcconfig */ = {isa = PBXFileReference; includeInIndex = 1; lastKnownFileType = text.xcconfig; name = "Pods-Flix_w1_EricKimUITests.debug.xcconfig"; path = "Pods/Target Support Files/Pods-Flix_w1_EricKimUITests/Pods-Flix_w1_EricKimUITests.debug.xcconfig"; sourceTree = "<group>"; };
		4FAF80FFDDE79072D66AB870 /* Pods-Flix_w1_EricKim.release.xcconfig */ = {isa = PBXFileReference; includeInIndex = 1; lastKnownFileType = text.xcconfig; name = "Pods-Flix_w1_EricKim.release.xcconfig"; path = "Pods/Target Support Files/Pods-Flix_w1_EricKim/Pods-Flix_w1_EricKim.release.xcconfig"; sourceTree = "<group>"; };
		7723F5938AE2148DB8746F04 /* Pods-Flix_w1_EricKimTests.debug.xcconfig */ = {isa = PBXFileReference; includeInIndex = 1; lastKnownFileType = text.xcconfig; name = "Pods-Flix_w1_EricKimTests.debug.xcconfig"; path = "Pods/Target Support Files/Pods-Flix_w1_EricKimTests/Pods-Flix_w1_EricKimTests.debug.xcconfig"; sourceTree = "<group>"; };
		B865E105200D3CB800E04291 /* Flix_w1_EricKim.app */ = {isa = PBXFileReference; explicitFileType = wrapper.application; includeInIndex = 0; path = Flix_w1_EricKim.app; sourceTree = BUILT_PRODUCTS_DIR; };
		B865E108200D3CB800E04291 /* AppDelegate.swift */ = {isa = PBXFileReference; lastKnownFileType = sourcecode.swift; path = AppDelegate.swift; sourceTree = "<group>"; };
		B865E10D200D3CB800E04291 /* Base */ = {isa = PBXFileReference; lastKnownFileType = file.storyboard; name = Base; path = Base.lproj/Main.storyboard; sourceTree = "<group>"; };
		B865E10F200D3CB800E04291 /* Assets.xcassets */ = {isa = PBXFileReference; lastKnownFileType = folder.assetcatalog; path = Assets.xcassets; sourceTree = "<group>"; };
		B865E112200D3CB800E04291 /* Base */ = {isa = PBXFileReference; lastKnownFileType = file.storyboard; name = Base; path = Base.lproj/LaunchScreen.storyboard; sourceTree = "<group>"; };
		B865E114200D3CB800E04291 /* Info.plist */ = {isa = PBXFileReference; lastKnownFileType = text.plist.xml; path = Info.plist; sourceTree = "<group>"; };
		B865E119200D3CB800E04291 /* Flix_w1_EricKimTests.xctest */ = {isa = PBXFileReference; explicitFileType = wrapper.cfbundle; includeInIndex = 0; path = Flix_w1_EricKimTests.xctest; sourceTree = BUILT_PRODUCTS_DIR; };
		B865E11D200D3CB800E04291 /* Flix_w1_EricKimTests.swift */ = {isa = PBXFileReference; lastKnownFileType = sourcecode.swift; path = Flix_w1_EricKimTests.swift; sourceTree = "<group>"; };
		B865E11F200D3CB800E04291 /* Info.plist */ = {isa = PBXFileReference; lastKnownFileType = text.plist.xml; path = Info.plist; sourceTree = "<group>"; };
		B865E124200D3CB800E04291 /* Flix_w1_EricKimUITests.xctest */ = {isa = PBXFileReference; explicitFileType = wrapper.cfbundle; includeInIndex = 0; path = Flix_w1_EricKimUITests.xctest; sourceTree = BUILT_PRODUCTS_DIR; };
		B865E128200D3CB800E04291 /* Flix_w1_EricKimUITests.swift */ = {isa = PBXFileReference; lastKnownFileType = sourcecode.swift; path = Flix_w1_EricKimUITests.swift; sourceTree = "<group>"; };
		B865E12A200D3CB800E04291 /* Info.plist */ = {isa = PBXFileReference; lastKnownFileType = text.plist.xml; path = Info.plist; sourceTree = "<group>"; };
		B8AC570A200FA7C400E89BA2 /* NowPlayingViewController.swift */ = {isa = PBXFileReference; fileEncoding = 4; lastKnownFileType = sourcecode.swift; path = NowPlayingViewController.swift; sourceTree = "<group>"; };
		B8AC570C201080D000E89BA2 /* MovieCell.swift */ = {isa = PBXFileReference; fileEncoding = 4; lastKnownFileType = sourcecode.swift; path = MovieCell.swift; sourceTree = "<group>"; };
		D2C7D5385E35AD229CB1BEDE /* Pods-Flix_w1_EricKim.debug.xcconfig */ = {isa = PBXFileReference; includeInIndex = 1; lastKnownFileType = text.xcconfig; name = "Pods-Flix_w1_EricKim.debug.xcconfig"; path = "Pods/Target Support Files/Pods-Flix_w1_EricKim/Pods-Flix_w1_EricKim.debug.xcconfig"; sourceTree = "<group>"; };
		DE62ACD7D75D3A663B59E2A8 /* Pods-Flix_w1_EricKimTests.release.xcconfig */ = {isa = PBXFileReference; includeInIndex = 1; lastKnownFileType = text.xcconfig; name = "Pods-Flix_w1_EricKimTests.release.xcconfig"; path = "Pods/Target Support Files/Pods-Flix_w1_EricKimTests/Pods-Flix_w1_EricKimTests.release.xcconfig"; sourceTree = "<group>"; };
		DEF51BCCC8D9DD313DDD39B5 /* Pods-Flix_w1_EricKimUITests.release.xcconfig */ = {isa = PBXFileReference; includeInIndex = 1; lastKnownFileType = text.xcconfig; name = "Pods-Flix_w1_EricKimUITests.release.xcconfig"; path = "Pods/Target Support Files/Pods-Flix_w1_EricKimUITests/Pods-Flix_w1_EricKimUITests.release.xcconfig"; sourceTree = "<group>"; };
		E592ABD116EBAE034560FCB7 /* Pods_Flix_w1_EricKimTests.framework */ = {isa = PBXFileReference; explicitFileType = wrapper.framework; includeInIndex = 0; path = Pods_Flix_w1_EricKimTests.framework; sourceTree = BUILT_PRODUCTS_DIR; };
		F48C2A5CC4D0A7A0A9DD87BC /* Pods_Flix_w1_EricKimUITests.framework */ = {isa = PBXFileReference; explicitFileType = wrapper.framework; includeInIndex = 0; path = Pods_Flix_w1_EricKimUITests.framework; sourceTree = BUILT_PRODUCTS_DIR; };
		FE6C3D4F1E5033FFA4A6F126 /* Pods_Flix_w1_EricKim.framework */ = {isa = PBXFileReference; explicitFileType = wrapper.framework; includeInIndex = 0; path = Pods_Flix_w1_EricKim.framework; sourceTree = BUILT_PRODUCTS_DIR; };
/* End PBXFileReference section */

/* Begin PBXFrameworksBuildPhase section */
		B865E102200D3CB800E04291 /* Frameworks */ = {
			isa = PBXFrameworksBuildPhase;
			buildActionMask = 2147483647;
			files = (
				C8BF7A63DEAC72BB78CEE657 /* Pods_Flix_w1_EricKim.framework in Frameworks */,
			);
			runOnlyForDeploymentPostprocessing = 0;
		};
		B865E116200D3CB800E04291 /* Frameworks */ = {
			isa = PBXFrameworksBuildPhase;
			buildActionMask = 2147483647;
			files = (
				C92A286132D1D2FFB9E270F4 /* Pods_Flix_w1_EricKimTests.framework in Frameworks */,
			);
			runOnlyForDeploymentPostprocessing = 0;
		};
		B865E121200D3CB800E04291 /* Frameworks */ = {
			isa = PBXFrameworksBuildPhase;
			buildActionMask = 2147483647;
			files = (
				5942ABDDFE193F942D459106 /* Pods_Flix_w1_EricKimUITests.framework in Frameworks */,
			);
			runOnlyForDeploymentPostprocessing = 0;
		};
/* End PBXFrameworksBuildPhase section */

/* Begin PBXGroup section */
		2F3FB7ADCD851FC7A660CDFF /* Frameworks */ = {
			isa = PBXGroup;
			children = (
				FE6C3D4F1E5033FFA4A6F126 /* Pods_Flix_w1_EricKim.framework */,
				E592ABD116EBAE034560FCB7 /* Pods_Flix_w1_EricKimTests.framework */,
				F48C2A5CC4D0A7A0A9DD87BC /* Pods_Flix_w1_EricKimUITests.framework */,
			);
			name = Frameworks;
			sourceTree = "<group>";
		};
		920905AC503E65FE759F4975 /* Pods */ = {
			isa = PBXGroup;
			children = (
				D2C7D5385E35AD229CB1BEDE /* Pods-Flix_w1_EricKim.debug.xcconfig */,
				4FAF80FFDDE79072D66AB870 /* Pods-Flix_w1_EricKim.release.xcconfig */,
				7723F5938AE2148DB8746F04 /* Pods-Flix_w1_EricKimTests.debug.xcconfig */,
				DE62ACD7D75D3A663B59E2A8 /* Pods-Flix_w1_EricKimTests.release.xcconfig */,
				4D5EB215B716D8F111827482 /* Pods-Flix_w1_EricKimUITests.debug.xcconfig */,
				DEF51BCCC8D9DD313DDD39B5 /* Pods-Flix_w1_EricKimUITests.release.xcconfig */,
			);
			name = Pods;
			sourceTree = "<group>";
		};
		B865E0FC200D3CB800E04291 = {
			isa = PBXGroup;
			children = (
				B865E107200D3CB800E04291 /* Flix_w1_EricKim */,
				B865E11C200D3CB800E04291 /* Flix_w1_EricKimTests */,
				B865E127200D3CB800E04291 /* Flix_w1_EricKimUITests */,
				B865E106200D3CB800E04291 /* Products */,
				920905AC503E65FE759F4975 /* Pods */,
				2F3FB7ADCD851FC7A660CDFF /* Frameworks */,
			);
			sourceTree = "<group>";
		};
		B865E106200D3CB800E04291 /* Products */ = {
			isa = PBXGroup;
			children = (
				B865E105200D3CB800E04291 /* Flix_w1_EricKim.app */,
				B865E119200D3CB800E04291 /* Flix_w1_EricKimTests.xctest */,
				B865E124200D3CB800E04291 /* Flix_w1_EricKimUITests.xctest */,
			);
			name = Products;
			sourceTree = "<group>";
		};
		B865E107200D3CB800E04291 /* Flix_w1_EricKim */ = {
			isa = PBXGroup;
			children = (
				B8AC570A200FA7C400E89BA2 /* NowPlayingViewController.swift */,
				B865E108200D3CB800E04291 /* AppDelegate.swift */,
				B865E10C200D3CB800E04291 /* Main.storyboard */,
				B865E10F200D3CB800E04291 /* Assets.xcassets */,
				B865E111200D3CB800E04291 /* LaunchScreen.storyboard */,
				B865E114200D3CB800E04291 /* Info.plist */,
				B8AC570C201080D000E89BA2 /* MovieCell.swift */,
			);
			path = Flix_w1_EricKim;
			sourceTree = "<group>";
		};
		B865E11C200D3CB800E04291 /* Flix_w1_EricKimTests */ = {
			isa = PBXGroup;
			children = (
				B865E11D200D3CB800E04291 /* Flix_w1_EricKimTests.swift */,
				B865E11F200D3CB800E04291 /* Info.plist */,
			);
			path = Flix_w1_EricKimTests;
			sourceTree = "<group>";
		};
		B865E127200D3CB800E04291 /* Flix_w1_EricKimUITests */ = {
			isa = PBXGroup;
			children = (
				B865E128200D3CB800E04291 /* Flix_w1_EricKimUITests.swift */,
				B865E12A200D3CB800E04291 /* Info.plist */,
			);
			path = Flix_w1_EricKimUITests;
			sourceTree = "<group>";
		};
/* End PBXGroup section */

/* Begin PBXNativeTarget section */
		B865E104200D3CB800E04291 /* Flix_w1_EricKim */ = {
			isa = PBXNativeTarget;
			buildConfigurationList = B865E12D200D3CB800E04291 /* Build configuration list for PBXNativeTarget "Flix_w1_EricKim" */;
			buildPhases = (
				DE1A3F0F5BBF9E1FE31A63F3 /* [CP] Check Pods Manifest.lock */,
				B865E101200D3CB800E04291 /* Sources */,
				B865E102200D3CB800E04291 /* Frameworks */,
				B865E103200D3CB800E04291 /* Resources */,
				844C5668267290DF8794F6BB /* [CP] Embed Pods Frameworks */,
				386817388E3C38EB630ED3C6 /* [CP] Copy Pods Resources */,
			);
			buildRules = (
			);
			dependencies = (
			);
			name = Flix_w1_EricKim;
			productName = Flix_w1_EricKim;
			productReference = B865E105200D3CB800E04291 /* Flix_w1_EricKim.app */;
			productType = "com.apple.product-type.application";
		};
		B865E118200D3CB800E04291 /* Flix_w1_EricKimTests */ = {
			isa = PBXNativeTarget;
			buildConfigurationList = B865E130200D3CB800E04291 /* Build configuration list for PBXNativeTarget "Flix_w1_EricKimTests" */;
			buildPhases = (
				78A654231759B4BC41CFC0C2 /* [CP] Check Pods Manifest.lock */,
				B865E115200D3CB800E04291 /* Sources */,
				B865E116200D3CB800E04291 /* Frameworks */,
				B865E117200D3CB800E04291 /* Resources */,
				B09944428B8E02B455BCD4F0 /* [CP] Embed Pods Frameworks */,
				C032643FA2E2A238E4E6C4A8 /* [CP] Copy Pods Resources */,
			);
			buildRules = (
			);
			dependencies = (
				B865E11B200D3CB800E04291 /* PBXTargetDependency */,
			);
			name = Flix_w1_EricKimTests;
			productName = Flix_w1_EricKimTests;
			productReference = B865E119200D3CB800E04291 /* Flix_w1_EricKimTests.xctest */;
			productType = "com.apple.product-type.bundle.unit-test";
		};
		B865E123200D3CB800E04291 /* Flix_w1_EricKimUITests */ = {
			isa = PBXNativeTarget;
			buildConfigurationList = B865E133200D3CB800E04291 /* Build configuration list for PBXNativeTarget "Flix_w1_EricKimUITests" */;
			buildPhases = (
				773F0257AAC8348F35DADAA0 /* [CP] Check Pods Manifest.lock */,
				B865E120200D3CB800E04291 /* Sources */,
				B865E121200D3CB800E04291 /* Frameworks */,
				B865E122200D3CB800E04291 /* Resources */,
				58B334ED335535394CC5E4F4 /* [CP] Embed Pods Frameworks */,
				4CA86E6F1966A32921D1A653 /* [CP] Copy Pods Resources */,
			);
			buildRules = (
			);
			dependencies = (
				B865E126200D3CB800E04291 /* PBXTargetDependency */,
			);
			name = Flix_w1_EricKimUITests;
			productName = Flix_w1_EricKimUITests;
			productReference = B865E124200D3CB800E04291 /* Flix_w1_EricKimUITests.xctest */;
			productType = "com.apple.product-type.bundle.ui-testing";
		};
/* End PBXNativeTarget section */

/* Begin PBXProject section */
		B865E0FD200D3CB800E04291 /* Project object */ = {
			isa = PBXProject;
			attributes = {
				LastSwiftUpdateCheck = 0800;
				LastUpgradeCheck = 0800;
				ORGANIZATIONNAME = EricKim;
				TargetAttributes = {
					B865E104200D3CB800E04291 = {
						CreatedOnToolsVersion = 8.0;
						ProvisioningStyle = Automatic;
					};
					B865E118200D3CB800E04291 = {
						CreatedOnToolsVersion = 8.0;
						ProvisioningStyle = Automatic;
						TestTargetID = B865E104200D3CB800E04291;
					};
					B865E123200D3CB800E04291 = {
						CreatedOnToolsVersion = 8.0;
						ProvisioningStyle = Automatic;
						TestTargetID = B865E104200D3CB800E04291;
					};
				};
			};
			buildConfigurationList = B865E100200D3CB800E04291 /* Build configuration list for PBXProject "Flix_w1_EricKim" */;
			compatibilityVersion = "Xcode 3.2";
			developmentRegion = English;
			hasScannedForEncodings = 0;
			knownRegions = (
				en,
				Base,
			);
			mainGroup = B865E0FC200D3CB800E04291;
			productRefGroup = B865E106200D3CB800E04291 /* Products */;
			projectDirPath = "";
			projectRoot = "";
			targets = (
				B865E104200D3CB800E04291 /* Flix_w1_EricKim */,
				B865E118200D3CB800E04291 /* Flix_w1_EricKimTests */,
				B865E123200D3CB800E04291 /* Flix_w1_EricKimUITests */,
			);
		};
/* End PBXProject section */

/* Begin PBXResourcesBuildPhase section */
		B865E103200D3CB800E04291 /* Resources */ = {
			isa = PBXResourcesBuildPhase;
			buildActionMask = 2147483647;
			files = (
				B865E113200D3CB800E04291 /* LaunchScreen.storyboard in Resources */,
				B865E110200D3CB800E04291 /* Assets.xcassets in Resources */,
				B865E10E200D3CB800E04291 /* Main.storyboard in Resources */,
			);
			runOnlyForDeploymentPostprocessing = 0;
		};
		B865E117200D3CB800E04291 /* Resources */ = {
			isa = PBXResourcesBuildPhase;
			buildActionMask = 2147483647;
			files = (
			);
			runOnlyForDeploymentPostprocessing = 0;
		};
		B865E122200D3CB800E04291 /* Resources */ = {
			isa = PBXResourcesBuildPhase;
			buildActionMask = 2147483647;
			files = (
			);
			runOnlyForDeploymentPostprocessing = 0;
		};
/* End PBXResourcesBuildPhase section */

/* Begin PBXShellScriptBuildPhase section */
		386817388E3C38EB630ED3C6 /* [CP] Copy Pods Resources */ = {
			isa = PBXShellScriptBuildPhase;
			buildActionMask = 2147483647;
			files = (
			);
			inputPaths = (
			);
			name = "[CP] Copy Pods Resources";
			outputPaths = (
			);
			runOnlyForDeploymentPostprocessing = 0;
			shellPath = /bin/sh;
			shellScript = "\"${SRCROOT}/Pods/Target Support Files/Pods-Flix_w1_EricKim/Pods-Flix_w1_EricKim-resources.sh\"\n";
			showEnvVarsInLog = 0;
		};
		4CA86E6F1966A32921D1A653 /* [CP] Copy Pods Resources */ = {
			isa = PBXShellScriptBuildPhase;
			buildActionMask = 2147483647;
			files = (
			);
			inputPaths = (
			);
			name = "[CP] Copy Pods Resources";
			outputPaths = (
			);
			runOnlyForDeploymentPostprocessing = 0;
			shellPath = /bin/sh;
			shellScript = "\"${SRCROOT}/Pods/Target Support Files/Pods-Flix_w1_EricKimUITests/Pods-Flix_w1_EricKimUITests-resources.sh\"\n";
			showEnvVarsInLog = 0;
		};
		58B334ED335535394CC5E4F4 /* [CP] Embed Pods Frameworks */ = {
			isa = PBXShellScriptBuildPhase;
			buildActionMask = 2147483647;
			files = (
			);
			inputPaths = (
			);
			name = "[CP] Embed Pods Frameworks";
			outputPaths = (
			);
			runOnlyForDeploymentPostprocessing = 0;
			shellPath = /bin/sh;
			shellScript = "\"${SRCROOT}/Pods/Target Support Files/Pods-Flix_w1_EricKimUITests/Pods-Flix_w1_EricKimUITests-frameworks.sh\"\n";
			showEnvVarsInLog = 0;
		};
		773F0257AAC8348F35DADAA0 /* [CP] Check Pods Manifest.lock */ = {
			isa = PBXShellScriptBuildPhase;
			buildActionMask = 2147483647;
			files = (
			);
			inputPaths = (
				"${PODS_PODFILE_DIR_PATH}/Podfile.lock",
				"${PODS_ROOT}/Manifest.lock",
			);
			name = "[CP] Check Pods Manifest.lock";
			outputPaths = (
				"$(DERIVED_FILE_DIR)/Pods-Flix_w1_EricKimUITests-checkManifestLockResult.txt",
			);
			runOnlyForDeploymentPostprocessing = 0;
			shellPath = /bin/sh;
			shellScript = "diff \"${PODS_PODFILE_DIR_PATH}/Podfile.lock\" \"${PODS_ROOT}/Manifest.lock\" > /dev/null\nif [ $? != 0 ] ; then\n    # print error to STDERR\n    echo \"error: The sandbox is not in sync with the Podfile.lock. Run 'pod install' or update your CocoaPods installation.\" >&2\n    exit 1\nfi\n# This output is used by Xcode 'outputs' to avoid re-running this script phase.\necho \"SUCCESS\" > \"${SCRIPT_OUTPUT_FILE_0}\"\n";
			showEnvVarsInLog = 0;
		};
		78A654231759B4BC41CFC0C2 /* [CP] Check Pods Manifest.lock */ = {
			isa = PBXShellScriptBuildPhase;
			buildActionMask = 2147483647;
			files = (
			);
			inputPaths = (
				"${PODS_PODFILE_DIR_PATH}/Podfile.lock",
				"${PODS_ROOT}/Manifest.lock",
			);
			name = "[CP] Check Pods Manifest.lock";
			outputPaths = (
				"$(DERIVED_FILE_DIR)/Pods-Flix_w1_EricKimTests-checkManifestLockResult.txt",
			);
			runOnlyForDeploymentPostprocessing = 0;
			shellPath = /bin/sh;
			shellScript = "diff \"${PODS_PODFILE_DIR_PATH}/Podfile.lock\" \"${PODS_ROOT}/Manifest.lock\" > /dev/null\nif [ $? != 0 ] ; then\n    # print error to STDERR\n    echo \"error: The sandbox is not in sync with the Podfile.lock. Run 'pod install' or update your CocoaPods installation.\" >&2\n    exit 1\nfi\n# This output is used by Xcode 'outputs' to avoid re-running this script phase.\necho \"SUCCESS\" > \"${SCRIPT_OUTPUT_FILE_0}\"\n";
			showEnvVarsInLog = 0;
		};
		844C5668267290DF8794F6BB /* [CP] Embed Pods Frameworks */ = {
			isa = PBXShellScriptBuildPhase;
			buildActionMask = 2147483647;
			files = (
			);
			inputPaths = (
				"${SRCROOT}/Pods/Target Support Files/Pods-Flix_w1_EricKim/Pods-Flix_w1_EricKim-frameworks.sh",
				"${BUILT_PRODUCTS_DIR}/Alamofire/Alamofire.framework",
				"${BUILT_PRODUCTS_DIR}/AlamofireImage/AlamofireImage.framework",
			);
			name = "[CP] Embed Pods Frameworks";
			outputPaths = (
				"${TARGET_BUILD_DIR}/${FRAMEWORKS_FOLDER_PATH}/Alamofire.framework",
				"${TARGET_BUILD_DIR}/${FRAMEWORKS_FOLDER_PATH}/AlamofireImage.framework",
			);
			runOnlyForDeploymentPostprocessing = 0;
			shellPath = /bin/sh;
			shellScript = "\"${SRCROOT}/Pods/Target Support Files/Pods-Flix_w1_EricKim/Pods-Flix_w1_EricKim-frameworks.sh\"\n";
			showEnvVarsInLog = 0;
		};
		B09944428B8E02B455BCD4F0 /* [CP] Embed Pods Frameworks */ = {
			isa = PBXShellScriptBuildPhase;
			buildActionMask = 2147483647;
			files = (
			);
			inputPaths = (
			);
			name = "[CP] Embed Pods Frameworks";
			outputPaths = (
			);
			runOnlyForDeploymentPostprocessing = 0;
			shellPath = /bin/sh;
			shellScript = "\"${SRCROOT}/Pods/Target Support Files/Pods-Flix_w1_EricKimTests/Pods-Flix_w1_EricKimTests-frameworks.sh\"\n";
			showEnvVarsInLog = 0;
		};
		C032643FA2E2A238E4E6C4A8 /* [CP] Copy Pods Resources */ = {
			isa = PBXShellScriptBuildPhase;
			buildActionMask = 2147483647;
			files = (
			);
			inputPaths = (
			);
			name = "[CP] Copy Pods Resources";
			outputPaths = (
			);
			runOnlyForDeploymentPostprocessing = 0;
			shellPath = /bin/sh;
			shellScript = "\"${SRCROOT}/Pods/Target Support Files/Pods-Flix_w1_EricKimTests/Pods-Flix_w1_EricKimTests-resources.sh\"\n";
			showEnvVarsInLog = 0;
		};
		DE1A3F0F5BBF9E1FE31A63F3 /* [CP] Check Pods Manifest.lock */ = {
			isa = PBXShellScriptBuildPhase;
			buildActionMask = 2147483647;
			files = (
			);
			inputPaths = (
				"${PODS_PODFILE_DIR_PATH}/Podfile.lock",
				"${PODS_ROOT}/Manifest.lock",
			);
			name = "[CP] Check Pods Manifest.lock";
			outputPaths = (
				"$(DERIVED_FILE_DIR)/Pods-Flix_w1_EricKim-checkManifestLockResult.txt",
			);
			runOnlyForDeploymentPostprocessing = 0;
			shellPath = /bin/sh;
			shellScript = "diff \"${PODS_PODFILE_DIR_PATH}/Podfile.lock\" \"${PODS_ROOT}/Manifest.lock\" > /dev/null\nif [ $? != 0 ] ; then\n    # print error to STDERR\n    echo \"error: The sandbox is not in sync with the Podfile.lock. Run 'pod install' or update your CocoaPods installation.\" >&2\n    exit 1\nfi\n# This output is used by Xcode 'outputs' to avoid re-running this script phase.\necho \"SUCCESS\" > \"${SCRIPT_OUTPUT_FILE_0}\"\n";
			showEnvVarsInLog = 0;
		};
/* End PBXShellScriptBuildPhase section */

/* Begin PBXSourcesBuildPhase section */
		B865E101200D3CB800E04291 /* Sources */ = {
			isa = PBXSourcesBuildPhase;
			buildActionMask = 2147483647;
			files = (
				B8AC570B200FA7C400E89BA2 /* NowPlayingViewController.swift in Sources */,
				B865E109200D3CB800E04291 /* AppDelegate.swift in Sources */,
				B8AC570D201080D000E89BA2 /* MovieCell.swift in Sources */,
			);
			runOnlyForDeploymentPostprocessing = 0;
		};
		B865E115200D3CB800E04291 /* Sources */ = {
			isa = PBXSourcesBuildPhase;
			buildActionMask = 2147483647;
			files = (
				B865E11E200D3CB800E04291 /* Flix_w1_EricKimTests.swift in Sources */,
			);
			runOnlyForDeploymentPostprocessing = 0;
		};
		B865E120200D3CB800E04291 /* Sources */ = {
			isa = PBXSourcesBuildPhase;
			buildActionMask = 2147483647;
			files = (
				B865E129200D3CB800E04291 /* Flix_w1_EricKimUITests.swift in Sources */,
			);
			runOnlyForDeploymentPostprocessing = 0;
		};
/* End PBXSourcesBuildPhase section */

/* Begin PBXTargetDependency section */
		B865E11B200D3CB800E04291 /* PBXTargetDependency */ = {
			isa = PBXTargetDependency;
			target = B865E104200D3CB800E04291 /* Flix_w1_EricKim */;
			targetProxy = B865E11A200D3CB800E04291 /* PBXContainerItemProxy */;
		};
		B865E126200D3CB800E04291 /* PBXTargetDependency */ = {
			isa = PBXTargetDependency;
			target = B865E104200D3CB800E04291 /* Flix_w1_EricKim */;
			targetProxy = B865E125200D3CB800E04291 /* PBXContainerItemProxy */;
		};
/* End PBXTargetDependency section */

/* Begin PBXVariantGroup section */
		B865E10C200D3CB800E04291 /* Main.storyboard */ = {
			isa = PBXVariantGroup;
			children = (
				B865E10D200D3CB800E04291 /* Base */,
			);
			name = Main.storyboard;
			sourceTree = "<group>";
		};
		B865E111200D3CB800E04291 /* LaunchScreen.storyboard */ = {
			isa = PBXVariantGroup;
			children = (
				B865E112200D3CB800E04291 /* Base */,
			);
			name = LaunchScreen.storyboard;
			sourceTree = "<group>";
		};
/* End PBXVariantGroup section */

/* Begin XCBuildConfiguration section */
		B865E12B200D3CB800E04291 /* Debug */ = {
			isa = XCBuildConfiguration;
			buildSettings = {
				ALWAYS_SEARCH_USER_PATHS = NO;
				CLANG_ANALYZER_NONNULL = YES;
				CLANG_CXX_LANGUAGE_STANDARD = "gnu++0x";
				CLANG_CXX_LIBRARY = "libc++";
				CLANG_ENABLE_MODULES = YES;
				CLANG_ENABLE_OBJC_ARC = YES;
				CLANG_WARN_BOOL_CONVERSION = YES;
				CLANG_WARN_CONSTANT_CONVERSION = YES;
				CLANG_WARN_DIRECT_OBJC_ISA_USAGE = YES_ERROR;
				CLANG_WARN_DOCUMENTATION_COMMENTS = YES;
				CLANG_WARN_EMPTY_BODY = YES;
				CLANG_WARN_ENUM_CONVERSION = YES;
				CLANG_WARN_INFINITE_RECURSION = YES;
				CLANG_WARN_INT_CONVERSION = YES;
				CLANG_WARN_OBJC_ROOT_CLASS = YES_ERROR;
				CLANG_WARN_SUSPICIOUS_MOVE = YES;
				CLANG_WARN_SUSPICIOUS_MOVES = YES;
				CLANG_WARN_UNREACHABLE_CODE = YES;
				CLANG_WARN__DUPLICATE_METHOD_MATCH = YES;
				"CODE_SIGN_IDENTITY[sdk=iphoneos*]" = "iPhone Developer";
				COPY_PHASE_STRIP = NO;
				DEBUG_INFORMATION_FORMAT = dwarf;
				ENABLE_STRICT_OBJC_MSGSEND = YES;
				ENABLE_TESTABILITY = YES;
				GCC_C_LANGUAGE_STANDARD = gnu99;
				GCC_DYNAMIC_NO_PIC = NO;
				GCC_NO_COMMON_BLOCKS = YES;
				GCC_OPTIMIZATION_LEVEL = 0;
				GCC_PREPROCESSOR_DEFINITIONS = (
					"DEBUG=1",
					"$(inherited)",
				);
				GCC_WARN_64_TO_32_BIT_CONVERSION = YES;
				GCC_WARN_ABOUT_RETURN_TYPE = YES_ERROR;
				GCC_WARN_UNDECLARED_SELECTOR = YES;
				GCC_WARN_UNINITIALIZED_AUTOS = YES_AGGRESSIVE;
				GCC_WARN_UNUSED_FUNCTION = YES;
				GCC_WARN_UNUSED_VARIABLE = YES;
				IPHONEOS_DEPLOYMENT_TARGET = 10.0;
				MTL_ENABLE_DEBUG_INFO = YES;
				ONLY_ACTIVE_ARCH = YES;
				SDKROOT = iphoneos;
				SWIFT_ACTIVE_COMPILATION_CONDITIONS = DEBUG;
				SWIFT_OPTIMIZATION_LEVEL = "-Onone";
			};
			name = Debug;
		};
		B865E12C200D3CB800E04291 /* Release */ = {
			isa = XCBuildConfiguration;
			buildSettings = {
				ALWAYS_SEARCH_USER_PATHS = NO;
				CLANG_ANALYZER_NONNULL = YES;
				CLANG_CXX_LANGUAGE_STANDARD = "gnu++0x";
				CLANG_CXX_LIBRARY = "libc++";
				CLANG_ENABLE_MODULES = YES;
				CLANG_ENABLE_OBJC_ARC = YES;
				CLANG_WARN_BOOL_CONVERSION = YES;
				CLANG_WARN_CONSTANT_CONVERSION = YES;
				CLANG_WARN_DIRECT_OBJC_ISA_USAGE = YES_ERROR;
				CLANG_WARN_DOCUMENTATION_COMMENTS = YES;
				CLANG_WARN_EMPTY_BODY = YES;
				CLANG_WARN_ENUM_CONVERSION = YES;
				CLANG_WARN_INFINITE_RECURSION = YES;
				CLANG_WARN_INT_CONVERSION = YES;
				CLANG_WARN_OBJC_ROOT_CLASS = YES_ERROR;
				CLANG_WARN_SUSPICIOUS_MOVE = YES;
				CLANG_WARN_SUSPICIOUS_MOVES = YES;
				CLANG_WARN_UNREACHABLE_CODE = YES;
				CLANG_WARN__DUPLICATE_METHOD_MATCH = YES;
				"CODE_SIGN_IDENTITY[sdk=iphoneos*]" = "iPhone Developer";
				COPY_PHASE_STRIP = NO;
				DEBUG_INFORMATION_FORMAT = "dwarf-with-dsym";
				ENABLE_NS_ASSERTIONS = NO;
				ENABLE_STRICT_OBJC_MSGSEND = YES;
				GCC_C_LANGUAGE_STANDARD = gnu99;
				GCC_NO_COMMON_BLOCKS = YES;
				GCC_WARN_64_TO_32_BIT_CONVERSION = YES;
				GCC_WARN_ABOUT_RETURN_TYPE = YES_ERROR;
				GCC_WARN_UNDECLARED_SELECTOR = YES;
				GCC_WARN_UNINITIALIZED_AUTOS = YES_AGGRESSIVE;
				GCC_WARN_UNUSED_FUNCTION = YES;
				GCC_WARN_UNUSED_VARIABLE = YES;
				IPHONEOS_DEPLOYMENT_TARGET = 10.0;
				MTL_ENABLE_DEBUG_INFO = NO;
				SDKROOT = iphoneos;
				SWIFT_OPTIMIZATION_LEVEL = "-Owholemodule";
				VALIDATE_PRODUCT = YES;
			};
			name = Release;
		};
		B865E12E200D3CB800E04291 /* Debug */ = {
			isa = XCBuildConfiguration;
			baseConfigurationReference = D2C7D5385E35AD229CB1BEDE /* Pods-Flix_w1_EricKim.debug.xcconfig */;
			buildSettings = {
				ASSETCATALOG_COMPILER_APPICON_NAME = AppIcon;
				INFOPLIST_FILE = Flix_w1_EricKim/Info.plist;
				LD_RUNPATH_SEARCH_PATHS = "$(inherited) @executable_path/Frameworks";
				PRODUCT_BUNDLE_IDENTIFIER = "erickim.online.Flix-w1-EricKim";
				PRODUCT_NAME = "$(TARGET_NAME)";
				SWIFT_VERSION = 3.0;
			};
			name = Debug;
		};
		B865E12F200D3CB800E04291 /* Release */ = {
			isa = XCBuildConfiguration;
			baseConfigurationReference = 4FAF80FFDDE79072D66AB870 /* Pods-Flix_w1_EricKim.release.xcconfig */;
			buildSettings = {
				ASSETCATALOG_COMPILER_APPICON_NAME = AppIcon;
				INFOPLIST_FILE = Flix_w1_EricKim/Info.plist;
				LD_RUNPATH_SEARCH_PATHS = "$(inherited) @executable_path/Frameworks";
				PRODUCT_BUNDLE_IDENTIFIER = "erickim.online.Flix-w1-EricKim";
				PRODUCT_NAME = "$(TARGET_NAME)";
				SWIFT_VERSION = 3.0;
			};
			name = Release;
		};
		B865E131200D3CB800E04291 /* Debug */ = {
			isa = XCBuildConfiguration;
			baseConfigurationReference = 7723F5938AE2148DB8746F04 /* Pods-Flix_w1_EricKimTests.debug.xcconfig */;
			buildSettings = {
				ALWAYS_EMBED_SWIFT_STANDARD_LIBRARIES = YES;
				BUNDLE_LOADER = "$(TEST_HOST)";
				INFOPLIST_FILE = Flix_w1_EricKimTests/Info.plist;
				LD_RUNPATH_SEARCH_PATHS = "$(inherited) @executable_path/Frameworks @loader_path/Frameworks";
				PRODUCT_BUNDLE_IDENTIFIER = "erickim.online.Flix-w1-EricKimTests";
				PRODUCT_NAME = "$(TARGET_NAME)";
				SWIFT_VERSION = 3.0;
				TEST_HOST = "$(BUILT_PRODUCTS_DIR)/Flix_w1_EricKim.app/Flix_w1_EricKim";
			};
			name = Debug;
		};
		B865E132200D3CB800E04291 /* Release */ = {
			isa = XCBuildConfiguration;
			baseConfigurationReference = DE62ACD7D75D3A663B59E2A8 /* Pods-Flix_w1_EricKimTests.release.xcconfig */;
			buildSettings = {
				ALWAYS_EMBED_SWIFT_STANDARD_LIBRARIES = YES;
				BUNDLE_LOADER = "$(TEST_HOST)";
				INFOPLIST_FILE = Flix_w1_EricKimTests/Info.plist;
				LD_RUNPATH_SEARCH_PATHS = "$(inherited) @executable_path/Frameworks @loader_path/Frameworks";
				PRODUCT_BUNDLE_IDENTIFIER = "erickim.online.Flix-w1-EricKimTests";
				PRODUCT_NAME = "$(TARGET_NAME)";
				SWIFT_VERSION = 3.0;
				TEST_HOST = "$(BUILT_PRODUCTS_DIR)/Flix_w1_EricKim.app/Flix_w1_EricKim";
			};
			name = Release;
		};
		B865E134200D3CB800E04291 /* Debug */ = {
			isa = XCBuildConfiguration;
			baseConfigurationReference = 4D5EB215B716D8F111827482 /* Pods-Flix_w1_EricKimUITests.debug.xcconfig */;
			buildSettings = {
				ALWAYS_EMBED_SWIFT_STANDARD_LIBRARIES = YES;
				INFOPLIST_FILE = Flix_w1_EricKimUITests/Info.plist;
				LD_RUNPATH_SEARCH_PATHS = "$(inherited) @executable_path/Frameworks @loader_path/Frameworks";
				PRODUCT_BUNDLE_IDENTIFIER = "erickim.online.Flix-w1-EricKimUITests";
				PRODUCT_NAME = "$(TARGET_NAME)";
				SWIFT_VERSION = 3.0;
				TEST_TARGET_NAME = Flix_w1_EricKim;
			};
			name = Debug;
		};
		B865E135200D3CB800E04291 /* Release */ = {
			isa = XCBuildConfiguration;
			baseConfigurationReference = DEF51BCCC8D9DD313DDD39B5 /* Pods-Flix_w1_EricKimUITests.release.xcconfig */;
			buildSettings = {
				ALWAYS_EMBED_SWIFT_STANDARD_LIBRARIES = YES;
				INFOPLIST_FILE = Flix_w1_EricKimUITests/Info.plist;
				LD_RUNPATH_SEARCH_PATHS = "$(inherited) @executable_path/Frameworks @loader_path/Frameworks";
				PRODUCT_BUNDLE_IDENTIFIER = "erickim.online.Flix-w1-EricKimUITests";
				PRODUCT_NAME = "$(TARGET_NAME)";
				SWIFT_VERSION = 3.0;
				TEST_TARGET_NAME = Flix_w1_EricKim;
			};
			name = Release;
		};
/* End XCBuildConfiguration section */

/* Begin XCConfigurationList section */
		B865E100200D3CB800E04291 /* Build configuration list for PBXProject "Flix_w1_EricKim" */ = {
			isa = XCConfigurationList;
			buildConfigurations = (
				B865E12B200D3CB800E04291 /* Debug */,
				B865E12C200D3CB800E04291 /* Release */,
			);
			defaultConfigurationIsVisible = 0;
			defaultConfigurationName = Release;
		};
		B865E12D200D3CB800E04291 /* Build configuration list for PBXNativeTarget "Flix_w1_EricKim" */ = {
			isa = XCConfigurationList;
			buildConfigurations = (
				B865E12E200D3CB800E04291 /* Debug */,
				B865E12F200D3CB800E04291 /* Release */,
			);
			defaultConfigurationIsVisible = 0;
			defaultConfigurationName = Release;
		};
		B865E130200D3CB800E04291 /* Build configuration list for PBXNativeTarget "Flix_w1_EricKimTests" */ = {
			isa = XCConfigurationList;
			buildConfigurations = (
				B865E131200D3CB800E04291 /* Debug */,
				B865E132200D3CB800E04291 /* Release */,
			);
			defaultConfigurationIsVisible = 0;
			defaultConfigurationName = Release;
		};
		B865E133200D3CB800E04291 /* Build configuration list for PBXNativeTarget "Flix_w1_EricKimUITests" */ = {
			isa = XCConfigurationList;
			buildConfigurations = (
				B865E134200D3CB800E04291 /* Debug */,
				B865E135200D3CB800E04291 /* Release */,
			);
			defaultConfigurationIsVisible = 0;
			defaultConfigurationName = Release;
		};
/* End XCConfigurationList section */
	};
	rootObject = B865E0FD200D3CB800E04291 /* Project object */;
}
